
Microsoft Visual Studio Solution File, Format Version 12.00
# Visual Studio Version 16
VisualStudioVersion = 16.0.29306.81
MinimumVisualStudioVersion = 10.0.40219.1
Project("{9A19103F-16F7-4668-BE54-9A1E7A4F7556}") = "Generate-NACException", "Generate-NACException.csproj", "{35CCD4AE-D495-4704-9DFA-52B686831DF8}"
EndProject
Global
	GlobalSection(SolutionConfigurationPlatforms) = preSolution
		Debug|Any CPU = Debug|Any CPU
		Release|Any CPU = Release|Any CPU
	EndGlobalSection
	GlobalSection(ProjectConfigurationPlatforms) = postSolution
		{35CCD4AE-D495-4704-9DFA-52B686831DF8}.Debug|Any CPU.ActiveCfg = Debug|Any CPU
		{35CCD4AE-D495-4704-9DFA-52B686831DF8}.Debug|Any CPU.Build.0 = Debug|Any CPU
		{35CCD4AE-D495-4704-9DFA-52B686831DF8}.Release|Any CPU.ActiveCfg = Release|Any CPU
		{35CCD4AE-D495-4704-9DFA-52B686831DF8}.Release|Any CPU.Build.0 = Release|Any CPU
	EndGlobalSection
	GlobalSection(SolutionProperties) = preSolution
		HideSolutionNode = FALSE
	EndGlobalSection
	GlobalSection(ExtensibilityGlobals) = postSolution
		SolutionGuid = {1818680D-31E0-4157-9B5C-C941693E130E}
	EndGlobalSection
EndGlobal
